// !$*UTF8*$!
{
	archiveVersion = 1;
	classes = {
	};
	objectVersion = 46;
	objects = {

/* Begin PBXBuildFile section */
		2B8103721EF277EC007A2854 /* main.m in Sources */ = {isa = PBXBuildFile; fileRef = 2B8103711EF277EC007A2854 /* main.m */; };
		2B8103751EF277EC007A2854 /* AppDelegate.m in Sources */ = {isa = PBXBuildFile; fileRef = 2B8103741EF277EC007A2854 /* AppDelegate.m */; };
		2B8103781EF277EC007A2854 /* ViewController.m in Sources */ = {isa = PBXBuildFile; fileRef = 2B8103771EF277EC007A2854 /* ViewController.m */; };
		2B81037B1EF277EC007A2854 /* Main.storyboard in Resources */ = {isa = PBXBuildFile; fileRef = 2B8103791EF277EC007A2854 /* Main.storyboard */; };
		2B81037D1EF277EC007A2854 /* Assets.xcassets in Resources */ = {isa = PBXBuildFile; fileRef = 2B81037C1EF277EC007A2854 /* Assets.xcassets */; };
		2B8103801EF277EC007A2854 /* LaunchScreen.storyboard in Resources */ = {isa = PBXBuildFile; fileRef = 2B81037E1EF277EC007A2854 /* LaunchScreen.storyboard */; };
		2B81038B1EF277EC007A2854 /* _3Tests.m in Sources */ = {isa = PBXBuildFile; fileRef = 2B81038A1EF277EC007A2854 /* _3Tests.m */; };
		2B8103961EF277EC007A2854 /* _3UITests.m in Sources */ = {isa = PBXBuildFile; fileRef = 2B8103951EF277EC007A2854 /* _3UITests.m */; };
		2B8103B21EF278DB007A2854 /* libOtherLibrary.a in Frameworks */ = {isa = PBXBuildFile; fileRef = 2B8103B11EF278DB007A2854 /* libOtherLibrary.a */; };
		2B8103B41EF278E2007A2854 /* wristBandImage.xcassets in Resources */ = {isa = PBXBuildFile; fileRef = 2B8103B31EF278E2007A2854 /* wristBandImage.xcassets */; };
		2B8103B81EF278F3007A2854 /* Model.mom in Resources */ = {isa = PBXBuildFile; fileRef = 2B8103B61EF278F3007A2854 /* Model.mom */; };
		2B8103B91EF278F3007A2854 /* VersionInfo.plist in Resources */ = {isa = PBXBuildFile; fileRef = 2B8103B71EF278F3007A2854 /* VersionInfo.plist */; };
/* End PBXBuildFile section */

/* Begin PBXContainerItemProxy section */
		2B8103871EF277EC007A2854 /* PBXContainerItemProxy */ = {
			isa = PBXContainerItemProxy;
			containerPortal = 2B8103651EF277EC007A2854 /* Project object */;
			proxyType = 1;
			remoteGlobalIDString = 2B81036C1EF277EC007A2854;
			remoteInfo = 33;
		};
		2B8103921EF277EC007A2854 /* PBXContainerItemProxy */ = {
			isa = PBXContainerItemProxy;
			containerPortal = 2B8103651EF277EC007A2854 /* Project object */;
			proxyType = 1;
			remoteGlobalIDString = 2B81036C1EF277EC007A2854;
			remoteInfo = 33;
		};
/* End PBXContainerItemProxy section */

/* Begin PBXFileReference section */
		2B81036D1EF277EC007A2854 /* 33.app */ = {isa = PBXFileReference; explicitFileType = wrapper.application; includeInIndex = 0; path = 33.app; sourceTree = BUILT_PRODUCTS_DIR; };
		2B8103711EF277EC007A2854 /* main.m */ = {isa = PBXFileReference; lastKnownFileType = sourcecode.c.objc; path = main.m; sourceTree = "<group>"; };
		2B8103731EF277EC007A2854 /* AppDelegate.h */ = {isa = PBXFileReference; lastKnownFileType = sourcecode.c.h; path = AppDelegate.h; sourceTree = "<group>"; };
		2B8103741EF277EC007A2854 /* AppDelegate.m */ = {isa = PBXFileReference; lastKnownFileType = sourcecode.c.objc; path = AppDelegate.m; sourceTree = "<group>"; };
		2B8103761EF277EC007A2854 /* ViewController.h */ = {isa = PBXFileReference; lastKnownFileType = sourcecode.c.h; path = ViewController.h; sourceTree = "<group>"; };
		2B8103771EF277EC007A2854 /* ViewController.m */ = {isa = PBXFileReference; lastKnownFileType = sourcecode.c.objc; path = ViewController.m; sourceTree = "<group>"; };
		2B81037A1EF277EC007A2854 /* Base */ = {isa = PBXFileReference; lastKnownFileType = file.storyboard; name = Base; path = Base.lproj/Main.storyboard; sourceTree = "<group>"; };
		2B81037C1EF277EC007A2854 /* Assets.xcassets */ = {isa = PBXFileReference; lastKnownFileType = folder.assetcatalog; path = Assets.xcassets; sourceTree = "<group>"; };
		2B81037F1EF277EC007A2854 /* Base */ = {isa = PBXFileReference; lastKnownFileType = file.storyboard; name = Base; path = Base.lproj/LaunchScreen.storyboard; sourceTree = "<group>"; };
		2B8103811EF277EC007A2854 /* Info.plist */ = {isa = PBXFileReference; lastKnownFileType = text.plist.xml; path = Info.plist; sourceTree = "<group>"; };
		2B8103861EF277EC007A2854 /* 33Tests.xctest */ = {isa = PBXFileReference; explicitFileType = wrapper.cfbundle; includeInIndex = 0; path = 33Tests.xctest; sourceTree = BUILT_PRODUCTS_DIR; };
		2B81038A1EF277EC007A2854 /* _3Tests.m */ = {isa = PBXFileReference; lastKnownFileType = sourcecode.c.objc; path = _3Tests.m; sourceTree = "<group>"; };
		2B81038C1EF277EC007A2854 /* Info.plist */ = {isa = PBXFileReference; lastKnownFileType = text.plist.xml; path = Info.plist; sourceTree = "<group>"; };
		2B8103911EF277EC007A2854 /* 33UITests.xctest */ = {isa = PBXFileReference; explicitFileType = wrapper.cfbundle; includeInIndex = 0; path = 33UITests.xctest; sourceTree = BUILT_PRODUCTS_DIR; };
		2B8103951EF277EC007A2854 /* _3UITests.m */ = {isa = PBXFileReference; lastKnownFileType = sourcecode.c.objc; path = _3UITests.m; sourceTree = "<group>"; };
		2B8103971EF277EC007A2854 /* Info.plist */ = {isa = PBXFileReference; lastKnownFileType = text.plist.xml; path = Info.plist; sourceTree = "<group>"; };
		2B8103AD1EF278B2007A2854 /* SYBaseViewController.h */ = {isa = PBXFileReference; fileEncoding = 4; lastKnownFileType = sourcecode.c.h; path = SYBaseViewController.h; sourceTree = "<group>"; };
		2B8103AE1EF278B2007A2854 /* SYCommon.h */ = {isa = PBXFileReference; fileEncoding = 4; lastKnownFileType = sourcecode.c.h; path = SYCommon.h; sourceTree = "<group>"; };
		2B8103AF1EF278B2007A2854 /* SYDeviveManagerViewController.h */ = {isa = PBXFileReference; fileEncoding = 4; lastKnownFileType = sourcecode.c.h; path = SYDeviveManagerViewController.h; sourceTree = "<group>"; };
		2B8103B01EF278B2007A2854 /* WCDSharkeyFunction.h */ = {isa = PBXFileReference; fileEncoding = 4; lastKnownFileType = sourcecode.c.h; path = WCDSharkeyFunction.h; sourceTree = "<group>"; };
		2B8103B11EF278DB007A2854 /* libOtherLibrary.a */ = {isa = PBXFileReference; lastKnownFileType = archive.ar; path = libOtherLibrary.a; sourceTree = "<group>"; };
		2B8103B31EF278E2007A2854 /* wristBandImage.xcassets */ = {isa = PBXFileReference; lastKnownFileType = folder.assetcatalog; path = wristBandImage.xcassets; sourceTree = "<group>"; };
		2B8103B61EF278F3007A2854 /* Model.mom */ = {isa = PBXFileReference; lastKnownFileType = file.bplist; path = Model.mom; sourceTree = "<group>"; };
		2B8103B71EF278F3007A2854 /* VersionInfo.plist */ = {isa = PBXFileReference; lastKnownFileType = file.bplist; path = VersionInfo.plist; sourceTree = "<group>"; };
/* End PBXFileReference section */

/* Begin PBXFrameworksBuildPhase section */
		2B81036A1EF277EC007A2854 /* Frameworks */ = {
			isa = PBXFrameworksBuildPhase;
			buildActionMask = 2147483647;
			files = (
				2B8103B21EF278DB007A2854 /* libOtherLibrary.a in Frameworks */,
			);
			runOnlyForDeploymentPostprocessing = 0;
		};
		2B8103831EF277EC007A2854 /* Frameworks */ = {
			isa = PBXFrameworksBuildPhase;
			buildActionMask = 2147483647;
			files = (
			);
			runOnlyForDeploymentPostprocessing = 0;
		};
		2B81038E1EF277EC007A2854 /* Frameworks */ = {
			isa = PBXFrameworksBuildPhase;
			buildActionMask = 2147483647;
			files = (
			);
			runOnlyForDeploymentPostprocessing = 0;
		};
/* End PBXFrameworksBuildPhase section */

/* Begin PBXGroup section */
		2B8103641EF277EC007A2854 = {
			isa = PBXGroup;
			children = (
				2B81036F1EF277EC007A2854 /* 33 */,
				2B8103891EF277EC007A2854 /* 33Tests */,
				2B8103941EF277EC007A2854 /* 33UITests */,
				2B81036E1EF277EC007A2854 /* Products */,
			);
			sourceTree = "<group>";
		};
		2B81036E1EF277EC007A2854 /* Products */ = {
			isa = PBXGroup;
			children = (
				2B81036D1EF277EC007A2854 /* 33.app */,
				2B8103861EF277EC007A2854 /* 33Tests.xctest */,
				2B8103911EF277EC007A2854 /* 33UITests.xctest */,
			);
			name = Products;
			sourceTree = "<group>";
		};
		2B81036F1EF277EC007A2854 /* 33 */ = {
			isa = PBXGroup;
			children = (
				2B8103AC1EF278B2007A2854 /* OtherLibrary */,
				2B8103731EF277EC007A2854 /* AppDelegate.h */,
				2B8103741EF277EC007A2854 /* AppDelegate.m */,
				2B8103761EF277EC007A2854 /* ViewController.h */,
				2B8103771EF277EC007A2854 /* ViewController.m */,
				2B8103791EF277EC007A2854 /* Main.storyboard */,
				2B81037C1EF277EC007A2854 /* Assets.xcassets */,
				2B81037E1EF277EC007A2854 /* LaunchScreen.storyboard */,
				2B8103811EF277EC007A2854 /* Info.plist */,
				2B8103701EF277EC007A2854 /* Supporting Files */,
			);
			path = 33;
			sourceTree = "<group>";
		};
		2B8103701EF277EC007A2854 /* Supporting Files */ = {
			isa = PBXGroup;
			children = (
				2B8103711EF277EC007A2854 /* main.m */,
			);
			name = "Supporting Files";
			sourceTree = "<group>";
		};
		2B8103891EF277EC007A2854 /* 33Tests */ = {
			isa = PBXGroup;
			children = (
				2B81038A1EF277EC007A2854 /* _3Tests.m */,
				2B81038C1EF277EC007A2854 /* Info.plist */,
			);
			path = 33Tests;
			sourceTree = "<group>";
		};
		2B8103941EF277EC007A2854 /* 33UITests */ = {
			isa = PBXGroup;
			children = (
				2B8103951EF277EC007A2854 /* _3UITests.m */,
				2B8103971EF277EC007A2854 /* Info.plist */,
			);
			path = 33UITests;
			sourceTree = "<group>";
		};
		2B8103AC1EF278B2007A2854 /* OtherLibrary */ = {
			isa = PBXGroup;
			children = (
				2B8103B51EF278F3007A2854 /* Model.momd */,
				2B8103B31EF278E2007A2854 /* wristBandImage.xcassets */,
				2B8103B11EF278DB007A2854 /* libOtherLibrary.a */,
				2B8103AD1EF278B2007A2854 /* SYBaseViewController.h */,
				2B8103AE1EF278B2007A2854 /* SYCommon.h */,
				2B8103AF1EF278B2007A2854 /* SYDeviveManagerViewController.h */,
				2B8103B01EF278B2007A2854 /* WCDSharkeyFunction.h */,
			);
			path = OtherLibrary;
			sourceTree = "<group>";
		};
		2B8103B51EF278F3007A2854 /* Model.momd */ = {
			isa = PBXGroup;
			children = (
				2B8103B61EF278F3007A2854 /* Model.mom */,
				2B8103B71EF278F3007A2854 /* VersionInfo.plist */,
			);
			path = Model.momd;
			sourceTree = "<group>";
		};
/* End PBXGroup section */

/* Begin PBXNativeTarget section */
		2B81036C1EF277EC007A2854 /* 33 */ = {
			isa = PBXNativeTarget;
			buildConfigurationList = 2B81039A1EF277EC007A2854 /* Build configuration list for PBXNativeTarget "33" */;
			buildPhases = (
				2B8103691EF277EC007A2854 /* Sources */,
				2B81036A1EF277EC007A2854 /* Frameworks */,
				2B81036B1EF277EC007A2854 /* Resources */,
			);
			buildRules = (
			);
			dependencies = (
			);
			name = 33;
			productName = 33;
			productReference = 2B81036D1EF277EC007A2854 /* 33.app */;
			productType = "com.apple.product-type.application";
		};
		2B8103851EF277EC007A2854 /* 33Tests */ = {
			isa = PBXNativeTarget;
			buildConfigurationList = 2B81039D1EF277EC007A2854 /* Build configuration list for PBXNativeTarget "33Tests" */;
			buildPhases = (
				2B8103821EF277EC007A2854 /* Sources */,
				2B8103831EF277EC007A2854 /* Frameworks */,
				2B8103841EF277EC007A2854 /* Resources */,
			);
			buildRules = (
			);
			dependencies = (
				2B8103881EF277EC007A2854 /* PBXTargetDependency */,
			);
			name = 33Tests;
			productName = 33Tests;
			productReference = 2B8103861EF277EC007A2854 /* 33Tests.xctest */;
			productType = "com.apple.product-type.bundle.unit-test";
		};
		2B8103901EF277EC007A2854 /* 33UITests */ = {
			isa = PBXNativeTarget;
			buildConfigurationList = 2B8103A01EF277EC007A2854 /* Build configuration list for PBXNativeTarget "33UITests" */;
			buildPhases = (
				2B81038D1EF277EC007A2854 /* Sources */,
				2B81038E1EF277EC007A2854 /* Frameworks */,
				2B81038F1EF277EC007A2854 /* Resources */,
			);
			buildRules = (
			);
			dependencies = (
				2B8103931EF277EC007A2854 /* PBXTargetDependency */,
			);
			name = 33UITests;
			productName = 33UITests;
			productReference = 2B8103911EF277EC007A2854 /* 33UITests.xctest */;
			productType = "com.apple.product-type.bundle.ui-testing";
		};
/* End PBXNativeTarget section */

/* Begin PBXProject section */
		2B8103651EF277EC007A2854 /* Project object */ = {
			isa = PBXProject;
			attributes = {
				LastUpgradeCheck = 0830;
				ORGANIZATIONNAME = obally;
				TargetAttributes = {
					2B81036C1EF277EC007A2854 = {
						CreatedOnToolsVersion = 8.3.3;
						DevelopmentTeam = 227JJ5V99C;
						ProvisioningStyle = Automatic;
					};
					2B8103851EF277EC007A2854 = {
						CreatedOnToolsVersion = 8.3.3;
						DevelopmentTeam = 227JJ5V99C;
						ProvisioningStyle = Automatic;
						TestTargetID = 2B81036C1EF277EC007A2854;
					};
					2B8103901EF277EC007A2854 = {
						CreatedOnToolsVersion = 8.3.3;
						DevelopmentTeam = 227JJ5V99C;
						ProvisioningStyle = Automatic;
						TestTargetID = 2B81036C1EF277EC007A2854;
					};
				};
			};
			buildConfigurationList = 2B8103681EF277EC007A2854 /* Build configuration list for PBXProject "33" */;
			compatibilityVersion = "Xcode 3.2";
			developmentRegion = English;
			hasScannedForEncodings = 0;
			knownRegions = (
				en,
				Base,
			);
			mainGroup = 2B8103641EF277EC007A2854;
			productRefGroup = 2B81036E1EF277EC007A2854 /* Products */;
			projectDirPath = "";
			projectRoot = "";
			targets = (
				2B81036C1EF277EC007A2854 /* 33 */,
				2B8103851EF277EC007A2854 /* 33Tests */,
				2B8103901EF277EC007A2854 /* 33UITests */,
			);
		};
/* End PBXProject section */

/* Begin PBXResourcesBuildPhase section */
		2B81036B1EF277EC007A2854 /* Resources */ = {
			isa = PBXResourcesBuildPhase;
			buildActionMask = 2147483647;
			files = (
				2B8103B41EF278E2007A2854 /* wristBandImage.xcassets in Resources */,
				2B8103801EF277EC007A2854 /* LaunchScreen.storyboard in Resources */,
				2B8103B81EF278F3007A2854 /* Model.mom in Resources */,
				2B81037D1EF277EC007A2854 /* Assets.xcassets in Resources */,
				2B81037B1EF277EC007A2854 /* Main.storyboard in Resources */,
				2B8103B91EF278F3007A2854 /* VersionInfo.plist in Resources */,
			);
			runOnlyForDeploymentPostprocessing = 0;
		};
		2B8103841EF277EC007A2854 /* Resources */ = {
			isa = PBXResourcesBuildPhase;
			buildActionMask = 2147483647;
			files = (
			);
			runOnlyForDeploymentPostprocessing = 0;
		};
		2B81038F1EF277EC007A2854 /* Resources */ = {
			isa = PBXResourcesBuildPhase;
			buildActionMask = 2147483647;
			files = (
			);
			runOnlyForDeploymentPostprocessing = 0;
		};
/* End PBXResourcesBuildPhase section */

/* Begin PBXSourcesBuildPhase section */
		2B8103691EF277EC007A2854 /* Sources */ = {
			isa = PBXSourcesBuildPhase;
			buildActionMask = 2147483647;
			files = (
				2B8103781EF277EC007A2854 /* ViewController.m in Sources */,
				2B8103751EF277EC007A2854 /* AppDelegate.m in Sources */,
				2B8103721EF277EC007A2854 /* main.m in Sources */,
			);
			runOnlyForDeploymentPostprocessing = 0;
		};
		2B8103821EF277EC007A2854 /* Sources */ = {
			isa = PBXSourcesBuildPhase;
			buildActionMask = 2147483647;
			files = (
				2B81038B1EF277EC007A2854 /* _3Tests.m in Sources */,
			);
			runOnlyForDeploymentPostprocessing = 0;
		};
		2B81038D1EF277EC007A2854 /* Sources */ = {
			isa = PBXSourcesBuildPhase;
			buildActionMask = 2147483647;
			files = (
				2B8103961EF277EC007A2854 /* _3UITests.m in Sources */,
			);
			runOnlyForDeploymentPostprocessing = 0;
		};
/* End PBXSourcesBuildPhase section */

/* Begin PBXTargetDependency section */
		2B8103881EF277EC007A2854 /* PBXTargetDependency */ = {
			isa = PBXTargetDependency;
			target = 2B81036C1EF277EC007A2854 /* 33 */;
			targetProxy = 2B8103871EF277EC007A2854 /* PBXContainerItemProxy */;
		};
		2B8103931EF277EC007A2854 /* PBXTargetDependency */ = {
			isa = PBXTargetDependency;
			target = 2B81036C1EF277EC007A2854 /* 33 */;
			targetProxy = 2B8103921EF277EC007A2854 /* PBXContainerItemProxy */;
		};
/* End PBXTargetDependency section */

/* Begin PBXVariantGroup section */
		2B8103791EF277EC007A2854 /* Main.storyboard */ = {
			isa = PBXVariantGroup;
			children = (
				2B81037A1EF277EC007A2854 /* Base */,
			);
			name = Main.storyboard;
			sourceTree = "<group>";
		};
		2B81037E1EF277EC007A2854 /* LaunchScreen.storyboard */ = {
			isa = PBXVariantGroup;
			children = (
				2B81037F1EF277EC007A2854 /* Base */,
			);
			name = LaunchScreen.storyboard;
			sourceTree = "<group>";
		};
/* End PBXVariantGroup section */

/* Begin XCBuildConfiguration section */
		2B8103981EF277EC007A2854 /* Debug */ = {
			isa = XCBuildConfiguration;
			buildSettings = {
				ALWAYS_SEARCH_USER_PATHS = NO;
				CLANG_ANALYZER_NONNULL = YES;
				CLANG_ANALYZER_NUMBER_OBJECT_CONVERSION = YES_AGGRESSIVE;
				CLANG_CXX_LANGUAGE_STANDARD = "gnu++0x";
				CLANG_CXX_LIBRARY = "libc++";
				CLANG_ENABLE_MODULES = YES;
				CLANG_ENABLE_OBJC_ARC = YES;
				CLANG_WARN_BOOL_CONVERSION = YES;
				CLANG_WARN_CONSTANT_CONVERSION = YES;
				CLANG_WARN_DIRECT_OBJC_ISA_USAGE = YES_ERROR;
				CLANG_WARN_DOCUMENTATION_COMMENTS = YES;
				CLANG_WARN_EMPTY_BODY = YES;
				CLANG_WARN_ENUM_CONVERSION = YES;
				CLANG_WARN_INFINITE_RECURSION = YES;
				CLANG_WARN_INT_CONVERSION = YES;
				CLANG_WARN_OBJC_ROOT_CLASS = YES_ERROR;
				CLANG_WARN_SUSPICIOUS_MOVE = YES;
				CLANG_WARN_UNREACHABLE_CODE = YES;
				CLANG_WARN__DUPLICATE_METHOD_MATCH = YES;
				"CODE_SIGN_IDENTITY[sdk=iphoneos*]" = "iPhone Developer";
				COPY_PHASE_STRIP = NO;
				DEBUG_INFORMATION_FORMAT = dwarf;
				ENABLE_STRICT_OBJC_MSGSEND = YES;
				ENABLE_TESTABILITY = YES;
				GCC_C_LANGUAGE_STANDARD = gnu99;
				GCC_DYNAMIC_NO_PIC = NO;
				GCC_NO_COMMON_BLOCKS = YES;
				GCC_OPTIMIZATION_LEVEL = 0;
				GCC_PREPROCESSOR_DEFINITIONS = (
					"DEBUG=1",
					"$(inherited)",
				);
				GCC_WARN_64_TO_32_BIT_CONVERSION = YES;
				GCC_WARN_ABOUT_RETURN_TYPE = YES_ERROR;
				GCC_WARN_UNDECLARED_SELECTOR = YES;
				GCC_WARN_UNINITIALIZED_AUTOS = YES_AGGRESSIVE;
				GCC_WARN_UNUSED_FUNCTION = YES;
				GCC_WARN_UNUSED_VARIABLE = YES;
				IPHONEOS_DEPLOYMENT_TARGET = 10.3;
				MTL_ENABLE_DEBUG_INFO = YES;
				ONLY_ACTIVE_ARCH = YES;
				SDKROOT = iphoneos;
				TARGETED_DEVICE_FAMILY = "1,2";
			};
			name = Debug;
		};
		2B8103991EF277EC007A2854 /* Release */ = {
			isa = XCBuildConfiguration;
			buildSettings = {
				ALWAYS_SEARCH_USER_PATHS = NO;
				CLANG_ANALYZER_NONNULL = YES;
				CLANG_ANALYZER_NUMBER_OBJECT_CONVERSION = YES_AGGRESSIVE;
				CLANG_CXX_LANGUAGE_STANDARD = "gnu++0x";
				CLANG_CXX_LIBRARY = "libc++";
				CLANG_ENABLE_MODULES = YES;
				CLANG_ENABLE_OBJC_ARC = YES;
				CLANG_WARN_BOOL_CONVERSION = YES;
				CLANG_WARN_CONSTANT_CONVERSION = YES;
				CLANG_WARN_DIRECT_OBJC_ISA_USAGE = YES_ERROR;
				CLANG_WARN_DOCUMENTATION_COMMENTS = YES;
				CLANG_WARN_EMPTY_BODY = YES;
				CLANG_WARN_ENUM_CONVERSION = YES;
				CLANG_WARN_INFINITE_RECURSION = YES;
				CLANG_WARN_INT_CONVERSION = YES;
				CLANG_WARN_OBJC_ROOT_CLASS = YES_ERROR;
				CLANG_WARN_SUSPICIOUS_MOVE = YES;
				CLANG_WARN_UNREACHABLE_CODE = YES;
				CLANG_WARN__DUPLICATE_METHOD_MATCH = YES;
				"CODE_SIGN_IDENTITY[sdk=iphoneos*]" = "iPhone Developer";
				COPY_PHASE_STRIP = NO;
				DEBUG_INFORMATION_FORMAT = "dwarf-with-dsym";
				ENABLE_NS_ASSERTIONS = NO;
				ENABLE_STRICT_OBJC_MSGSEND = YES;
				GCC_C_LANGUAGE_STANDARD = gnu99;
				GCC_NO_COMMON_BLOCKS = YES;
				GCC_WARN_64_TO_32_BIT_CONVERSION = YES;
				GCC_WARN_ABOUT_RETURN_TYPE = YES_ERROR;
				GCC_WARN_UNDECLARED_SELECTOR = YES;
				GCC_WARN_UNINITIALIZED_AUTOS = YES_AGGRESSIVE;
				GCC_WARN_UNUSED_FUNCTION = YES;
				GCC_WARN_UNUSED_VARIABLE = YES;
				IPHONEOS_DEPLOYMENT_TARGET = 10.3;
				MTL_ENABLE_DEBUG_INFO = NO;
				SDKROOT = iphoneos;
				TARGETED_DEVICE_FAMILY = "1,2";
				VALIDATE_PRODUCT = YES;
			};
			name = Release;
		};
		2B81039B1EF277EC007A2854 /* Debug */ = {
			isa = XCBuildConfiguration;
			buildSettings = {
				ASSETCATALOG_COMPILER_APPICON_NAME = AppIcon;
				DEVELOPMENT_TEAM = 227JJ5V99C;
				INFOPLIST_FILE = 33/Info.plist;
				LD_RUNPATH_SEARCH_PATHS = "$(inherited) @executable_path/Frameworks";
				LIBRARY_SEARCH_PATHS = (
					"$(inherited)",
					"$(PROJECT_DIR)/33/OtherLibrary",
				);
				PRODUCT_BUNDLE_IDENTIFIER = "com.synjones.-3";
				PRODUCT_NAME = "$(TARGET_NAME)";
			};
			name = Debug;
		};
		2B81039C1EF277EC007A2854 /* Release */ = {
			isa = XCBuildConfiguration;
			buildSettings = {
				ASSETCATALOG_COMPILER_APPICON_NAME = AppIcon;
				DEVELOPMENT_TEAM = 227JJ5V99C;
				INFOPLIST_FILE = 33/Info.plist;
				LD_RUNPATH_SEARCH_PATHS = "$(inherited) @executable_path/Frameworks";
				LIBRARY_SEARCH_PATHS = (
					"$(inherited)",
					"$(PROJECT_DIR)/33/OtherLibrary",
				);
				PRODUCT_BUNDLE_IDENTIFIER = "com.synjones.-3";
				PRODUCT_NAME = "$(TARGET_NAME)";
			};
			name = Release;
		};
		2B81039E1EF277EC007A2854 /* Debug */ = {
			isa = XCBuildConfiguration;
			buildSettings = {
				BUNDLE_LOADER = "$(TEST_HOST)";
				DEVELOPMENT_TEAM = 227JJ5V99C;
				INFOPLIST_FILE = 33Tests/Info.plist;
				LD_RUNPATH_SEARCH_PATHS = "$(inherited) @executable_path/Frameworks @loader_path/Frameworks";
				PRODUCT_BUNDLE_IDENTIFIER = "com.synjones.-3Tests";
				PRODUCT_NAME = "$(TARGET_NAME)";
				TEST_HOST = "$(BUILT_PRODUCTS_DIR)/33.app/33";
			};
			name = Debug;
		};
		2B81039F1EF277EC007A2854 /* Release */ = {
			isa = XCBuildConfiguration;
			buildSettings = {
				BUNDLE_LOADER = "$(TEST_HOST)";
				DEVELOPMENT_TEAM = 227JJ5V99C;
				INFOPLIST_FILE = 33Tests/Info.plist;
				LD_RUNPATH_SEARCH_PATHS = "$(inherited) @executable_path/Frameworks @loader_path/Frameworks";
				PRODUCT_BUNDLE_IDENTIFIER = "com.synjones.-3Tests";
				PRODUCT_NAME = "$(TARGET_NAME)";
				TEST_HOST = "$(BUILT_PRODUCTS_DIR)/33.app/33";
			};
			name = Release;
		};
		2B8103A11EF277EC007A2854 /* Debug */ = {
			isa = XCBuildConfiguration;
			buildSettings = {
				DEVELOPMENT_TEAM = 227JJ5V99C;
				INFOPLIST_FILE = 33UITests/Info.plist;
				LD_RUNPATH_SEARCH_PATHS = "$(inherited) @executable_path/Frameworks @loader_path/Frameworks";
				PRODUCT_BUNDLE_IDENTIFIER = "com.synjones.-3UITests";
				PRODUCT_NAME = "$(TARGET_NAME)";
				TEST_TARGET_NAME = 33;
			};
			name = Debug;
		};
		2B8103A21EF277EC007A2854 /* Release */ = {
			isa = XCBuildConfiguration;
			buildSettings = {
				DEVELOPMENT_TEAM = 227JJ5V99C;
				INFOPLIST_FILE = 33UITests/Info.plist;
				LD_RUNPATH_SEARCH_PATHS = "$(inherited) @executable_path/Frameworks @loader_path/Frameworks";
				PRODUCT_BUNDLE_IDENTIFIER = "com.synjones.-3UITests";
				PRODUCT_NAME = "$(TARGET_NAME)";
				TEST_TARGET_NAME = 33;
			};
			name = Release;
		};
/* End XCBuildConfiguration section */

/* Begin XCConfigurationList section */
		2B8103681EF277EC007A2854 /* Build configuration list for PBXProject "33" */ = {
			isa = XCConfigurationList;
			buildConfigurations = (
				2B8103981EF277EC007A2854 /* Debug */,
				2B8103991EF277EC007A2854 /* Release */,
			);
			defaultConfigurationIsVisible = 0;
			defaultConfigurationName = Release;
		};
		2B81039A1EF277EC007A2854 /* Build configuration list for PBXNativeTarget "33" */ = {
			isa = XCConfigurationList;
			buildConfigurations = (
				2B81039B1EF277EC007A2854 /* Debug */,
				2B81039C1EF277EC007A2854 /* Release */,
			);
			defaultConfigurationIsVisible = 0;
		};
		2B81039D1EF277EC007A2854 /* Build configuration list for PBXNativeTarget "33Tests" */ = {
			isa = XCConfigurationList;
			buildConfigurations = (
				2B81039E1EF277EC007A2854 /* Debug */,
				2B81039F1EF277EC007A2854 /* Release */,
			);
			defaultConfigurationIsVisible = 0;
		};
		2B8103A01EF277EC007A2854 /* Build configuration list for PBXNativeTarget "33UITests" */ = {
			isa = XCConfigurationList;
			buildConfigurations = (
				2B8103A11EF277EC007A2854 /* Debug */,
				2B8103A21EF277EC007A2854 /* Release */,
			);
			defaultConfigurationIsVisible = 0;
		};
/* End XCConfigurationList section */
	};
	rootObject = 2B8103651EF277EC007A2854 /* Project object */;
}
