PODS:
  - AFNetworking (3.1.0):
    - AFNetworking/NSURLSession (= 3.1.0)
    - AFNetworking/Reachability (= 3.1.0)
    - AFNetworking/Security (= 3.1.0)
    - AFNetworking/Serialization (= 3.1.0)
    - AFNetworking/UIKit (= 3.1.0)
  - AFNetworking/NSURLSession (3.1.0):
    - AFNetworking/Reachability
    - AFNetworking/Security
    - AFNetworking/Serialization
  - AFNetworking/Reachability (3.1.0)
  - AFNetworking/Security (3.1.0)
  - AFNetworking/Serialization (3.1.0)
  - AFNetworking/UIKit (3.1.0):
    - AFNetworking/NSURLSession
  - HandyFrame (1.1.2)
  - IQKeyboardManager (4.0.9)
  - MagicalRecord (2.3.2):
    - MagicalRecord/Core (= 2.3.2)
  - MagicalRecord/Core (2.3.2)
  - Masonry (1.0.2)
  - MBProgressHUD (1.0.0)
  - MGJRouter (0.9.3)
  - MJExtension (3.0.13)
  - MJRefresh (3.1.12)
  - OBBase (0.0.7):
    - AFNetworking
    - HandyFrame
    - IQKeyboardManager
    - Masonry
    - MBProgressHUD
    - MGJRouter
    - MJExtension
    - MJRefresh
    - SDWebImage
  - SDWebImage (4.0.0):
    - SDWebImage/Core (= 4.0.0)
  - SDWebImage/Core (4.0.0)

DEPENDENCIES:
  - MagicalRecord
  - OBBase

SPEC CHECKSUMS:
  AFNetworking: 5e0e199f73d8626b11e79750991f5d173d1f8b67
  HandyFrame: d505faced4d4fb820d66bd88b654dbf7b88da424
  IQKeyboardManager: 322c7405df3eb5f7e50dede32ea937bf3d4364e0
  MagicalRecord: 53bed74b4323b930992a725be713e53b37d19755
  Masonry: 7c429b56da9d4ee0bbb3ed77a5ea710d6a5df39e
  MBProgressHUD: 4890f671c94e8a0f3cf959aa731e9de2f036d71a
  MGJRouter: f65821e2aeffc8f9e84b254c8f1c0dd80f048aa9
  MJExtension: 5932755f451458eefa24239358817f8d291240c7
  MJRefresh: b96cdb21c4aa75a7b07654311ab2f315c497e806
  OBBase: da09171d1ec36a25acdccaa10bdd40d57d092850
  SDWebImage: 76a6348bdc74eb5a55dd08a091ef298e56b55e41

PODFILE CHECKSUM: dffeac705ded1e8ac6c14ef3b6353b345bc481da

COCOAPODS: 1.2.1
